// !$*UTF8*$!
{
	archiveVersion = 1;
	classes = {
	};
	objectVersion = 46;
	objects = {

/* Begin PBXBuildFile section */
		E9951A4820C6317E006C6324 /* AppDelegate.swift in Sources */ = {isa = PBXBuildFile; fileRef = E9951A4720C6317E006C6324 /* AppDelegate.swift */; };
		E9951A4A20C6317E006C6324 /* ViewController.swift in Sources */ = {isa = PBXBuildFile; fileRef = E9951A4920C6317E006C6324 /* ViewController.swift */; };
		E9951A4D20C6317E006C6324 /* Main.storyboard in Resources */ = {isa = PBXBuildFile; fileRef = E9951A4B20C6317E006C6324 /* Main.storyboard */; };
		E9951A4F20C6317E006C6324 /* Assets.xcassets in Resources */ = {isa = PBXBuildFile; fileRef = E9951A4E20C6317E006C6324 /* Assets.xcassets */; };
		E9951A5220C6317E006C6324 /* LaunchScreen.storyboard in Resources */ = {isa = PBXBuildFile; fileRef = E9951A5020C6317E006C6324 /* LaunchScreen.storyboard */; };
		E9951A5A20C63450006C6324 /* Snip20180605_3.png in Resources */ = {isa = PBXBuildFile; fileRef = E9951A5920C63450006C6324 /* Snip20180605_3.png */; };
		E9951A5C20C63456006C6324 /* Snip20180605_2.png in Resources */ = {isa = PBXBuildFile; fileRef = E9951A5B20C63456006C6324 /* Snip20180605_2.png */; };
		E9951A5E20C6345C006C6324 /* Snip20180605_1.png in Resources */ = {isa = PBXBuildFile; fileRef = E9951A5D20C6345C006C6324 /* Snip20180605_1.png */; };
		E9951A6020C63B45006C6324 /* Snip20180605_4.png in Resources */ = {isa = PBXBuildFile; fileRef = E9951A5F20C63B45006C6324 /* Snip20180605_4.png */; };
/* End PBXBuildFile section */

/* Begin PBXFileReference section */
		E9951A4420C6317E006C6324 /* MAPDEMO.app */ = {isa = PBXFileReference; explicitFileType = wrapper.application; includeInIndex = 0; path = MAPDEMO.app; sourceTree = BUILT_PRODUCTS_DIR; };
		E9951A4720C6317E006C6324 /* AppDelegate.swift */ = {isa = PBXFileReference; lastKnownFileType = sourcecode.swift; path = AppDelegate.swift; sourceTree = "<group>"; };
		E9951A4920C6317E006C6324 /* ViewController.swift */ = {isa = PBXFileReference; lastKnownFileType = sourcecode.swift; path = ViewController.swift; sourceTree = "<group>"; };
		E9951A4C20C6317E006C6324 /* Base */ = {isa = PBXFileReference; lastKnownFileType = file.storyboard; name = Base; path = Base.lproj/Main.storyboard; sourceTree = "<group>"; };
		E9951A4E20C6317E006C6324 /* Assets.xcassets */ = {isa = PBXFileReference; lastKnownFileType = folder.assetcatalog; path = Assets.xcassets; sourceTree = "<group>"; };
		E9951A5120C6317E006C6324 /* Base */ = {isa = PBXFileReference; lastKnownFileType = file.storyboard; name = Base; path = Base.lproj/LaunchScreen.storyboard; sourceTree = "<group>"; };
		E9951A5320C6317E006C6324 /* Info.plist */ = {isa = PBXFileReference; lastKnownFileType = text.plist.xml; path = Info.plist; sourceTree = "<group>"; };
		E9951A5920C63450006C6324 /* Snip20180605_3.png */ = {isa = PBXFileReference; lastKnownFileType = image.png; path = Snip20180605_3.png; sourceTree = "<group>"; };
		E9951A5B20C63456006C6324 /* Snip20180605_2.png */ = {isa = PBXFileReference; lastKnownFileType = image.png; path = Snip20180605_2.png; sourceTree = "<group>"; };
		E9951A5D20C6345C006C6324 /* Snip20180605_1.png */ = {isa = PBXFileReference; lastKnownFileType = image.png; path = Snip20180605_1.png; sourceTree = "<group>"; };
		E9951A5F20C63B45006C6324 /* Snip20180605_4.png */ = {isa = PBXFileReference; lastKnownFileType = image.png; path = Snip20180605_4.png; sourceTree = "<group>"; };
/* End PBXFileReference section */

/* Begin PBXFrameworksBuildPhase section */
		E9951A4120C6317E006C6324 /* Frameworks */ = {
			isa = PBXFrameworksBuildPhase;
			buildActionMask = 2147483647;
			files = (
			);
			runOnlyForDeploymentPostprocessing = 0;
		};
/* End PBXFrameworksBuildPhase section */

/* Begin PBXGroup section */
		E9951A3B20C6317E006C6324 = {
			isa = PBXGroup;
			children = (
				E9951A4620C6317E006C6324 /* MAPDEMO */,
				E9951A4520C6317E006C6324 /* Products */,
			);
			sourceTree = "<group>";
		};
		E9951A4520C6317E006C6324 /* Products */ = {
			isa = PBXGroup;
			children = (
				E9951A4420C6317E006C6324 /* MAPDEMO.app */,
			);
			name = Products;
			sourceTree = "<group>";
		};
		E9951A4620C6317E006C6324 /* MAPDEMO */ = {
			isa = PBXGroup;
			children = (
				E9951A4720C6317E006C6324 /* AppDelegate.swift */,
				E9951A4920C6317E006C6324 /* ViewController.swift */,
				E9951A4B20C6317E006C6324 /* Main.storyboard */,
				E9951A4E20C6317E006C6324 /* Assets.xcassets */,
				E9951A5020C6317E006C6324 /* LaunchScreen.storyboard */,
				E9951A5320C6317E006C6324 /* Info.plist */,
				E9951A5D20C6345C006C6324 /* Snip20180605_1.png */,
				E9951A5B20C63456006C6324 /* Snip20180605_2.png */,
				E9951A5920C63450006C6324 /* Snip20180605_3.png */,
				E9951A5F20C63B45006C6324 /* Snip20180605_4.png */,
			);
			path = MAPDEMO;
			sourceTree = "<group>";
		};
/* End PBXGroup section */

/* Begin PBXNativeTarget section */
		E9951A4320C6317E006C6324 /* MAPDEMO */ = {
			isa = PBXNativeTarget;
			buildConfigurationList = E9951A5620C6317E006C6324 /* Build configuration list for PBXNativeTarget "MAPDEMO" */;
			buildPhases = (
				E9951A4020C6317E006C6324 /* Sources */,
				E9951A4120C6317E006C6324 /* Frameworks */,
				E9951A4220C6317E006C6324 /* Resources */,
			);
			buildRules = (
			);
			dependencies = (
			);
			name = MAPDEMO;
			productName = MAPDEMO;
			productReference = E9951A4420C6317E006C6324 /* MAPDEMO.app */;
			productType = "com.apple.product-type.application";
		};
/* End PBXNativeTarget section */

/* Begin PBXProject section */
		E9951A3C20C6317E006C6324 /* Project object */ = {
			isa = PBXProject;
			attributes = {
				LastSwiftUpdateCheck = 0830;
				LastUpgradeCheck = 0830;
				ORGANIZATIONNAME = gdcp;
				TargetAttributes = {
					E9951A4320C6317E006C6324 = {
						CreatedOnToolsVersion = 8.3.3;
						ProvisioningStyle = Automatic;
					};
				};
			};
			buildConfigurationList = E9951A3F20C6317E006C6324 /* Build configuration list for PBXProject "MAPDEMO" */;
			compatibilityVersion = "Xcode 3.2";
			developmentRegion = English;
			hasScannedForEncodings = 0;
			knownRegions = (
				en,
				Base,
			);
			mainGroup = E9951A3B20C6317E006C6324;
			productRefGroup = E9951A4520C6317E006C6324 /* Products */;
			projectDirPath = "";
			projectRoot = "";
			targets = (
				E9951A4320C6317E006C6324 /* MAPDEMO */,
			);
		};
/* End PBXProject section */

/* Begin PBXResourcesBuildPhase section */
		E9951A4220C6317E006C6324 /* Resources */ = {
			isa = PBXResourcesBuildPhase;
			buildActionMask = 2147483647;
			files = (
				E9951A6020C63B45006C6324 /* Snip20180605_4.png in Resources */,
				E9951A5220C6317E006C6324 /* LaunchScreen.storyboard in Resources */,
				E9951A4F20C6317E006C6324 /* Assets.xcassets in Resources */,
				E9951A4D20C6317E006C6324 /* Main.storyboard in Resources */,
				E9951A5C20C63456006C6324 /* Snip20180605_2.png in Resources */,
				E9951A5A20C63450006C6324 /* Snip20180605_3.png in Resources */,
				E9951A5E20C6345C006C6324 /* Snip20180605_1.png in Resources */,
			);
			runOnlyForDeploymentPostprocessing = 0;
		};
/* End PBXResourcesBuildPhase section */

/* Begin PBXSourcesBuildPhase section */
		E9951A4020C6317E006C6324 /* Sources */ = {
			isa = PBXSourcesBuildPhase;
			buildActionMask = 2147483647;
			files = (
				E9951A4A20C6317E006C6324 /* ViewController.swift in Sources */,
				E9951A4820C6317E006C6324 /* AppDelegate.swift in Sources */,
			);
			runOnlyForDeploymentPostprocessing = 0;
		};
/* End PBXSourcesBuildPhase section */

/* Begin PBXVariantGroup section */
		E9951A4B20C6317E006C6324 /* Main.storyboard */ = {
			isa = PBXVariantGroup;
			children = (
				E9951A4C20C6317E006C6324 /* Base */,
			);
			name = Main.storyboard;
			sourceTree = "<group>";
		};
		E9951A5020C6317E006C6324 /* LaunchScreen.storyboard */ = {
			isa = PBXVariantGroup;
			children = (
				E9951A5120C6317E006C6324 /* Base */,
			);
			name = LaunchScreen.storyboard;
			sourceTree = "<group>";
		};
/* End PBXVariantGroup section */

/* Begin XCBuildConfiguration section */
		E9951A5420C6317E006C6324 /* Debug */ = {
			isa = XCBuildConfiguration;
			buildSettings = {
				ALWAYS_SEARCH_USER_PATHS = NO;
				CLANG_ANALYZER_NONNULL = YES;
				CLANG_ANALYZER_NUMBER_OBJECT_CONVERSION = YES_AGGRESSIVE;
				CLANG_CXX_LANGUAGE_STANDARD = "gnu++0x";
				CLANG_CXX_LIBRARY = "libc++";
				CLANG_ENABLE_MODULES = YES;
				CLANG_ENABLE_OBJC_ARC = YES;
				CLANG_WARN_BOOL_CONVERSION = YES;
				CLANG_WARN_CONSTANT_CONVERSION = YES;
				CLANG_WARN_DIRECT_OBJC_ISA_USAGE = YES_ERROR;
				CLANG_WARN_DOCUMENTATION_COMMENTS = YES;
				CLANG_WARN_EMPTY_BODY = YES;
				CLANG_WARN_ENUM_CONVERSION = YES;
				CLANG_WARN_INFINITE_RECURSION = YES;
				CLANG_WARN_INT_CONVERSION = YES;
				CLANG_WARN_OBJC_ROOT_CLASS = YES_ERROR;
				CLANG_WARN_SUSPICIOUS_MOVE = YES;
				CLANG_WARN_UNREACHABLE_CODE = YES;
				CLANG_WARN__DUPLICATE_METHOD_MATCH = YES;
				"CODE_SIGN_IDENTITY[sdk=iphoneos*]" = "iPhone Developer";
				COPY_PHASE_STRIP = NO;
				DEBUG_INFORMATION_FORMAT = dwarf;
				ENABLE_STRICT_OBJC_MSGSEND = YES;
				ENABLE_TESTABILITY = YES;
				GCC_C_LANGUAGE_STANDARD = gnu99;
				GCC_DYNAMIC_NO_PIC = NO;
				GCC_NO_COMMON_BLOCKS = YES;
				GCC_OPTIMIZATION_LEVEL = 0;
				GCC_PREPROCESSOR_DEFINITIONS = (
					"DEBUG=1",
					"$(inherited)",
				);
				GCC_WARN_64_TO_32_BIT_CONVERSION = YES;
				GCC_WARN_ABOUT_RETURN_TYPE = YES_ERROR;
				GCC_WARN_UNDECLARED_SELECTOR = YES;
				GCC_WARN_UNINITIALIZED_AUTOS = YES_AGGRESSIVE;
				GCC_WARN_UNUSED_FUNCTION = YES;
				GCC_WARN_UNUSED_VARIABLE = YES;
				IPHONEOS_DEPLOYMENT_TARGET = 10.3;
				MTL_ENABLE_DEBUG_INFO = YES;
				ONLY_ACTIVE_ARCH = YES;
				SDKROOT = iphoneos;
				SWIFT_ACTIVE_COMPILATION_CONDITIONS = DEBUG;
				SWIFT_OPTIMIZATION_LEVEL = "-Onone";
				TARGETED_DEVICE_FAMILY = "1,2";
			};
			name = Debug;
		};
		E9951A5520C6317E006C6324 /* Release */ = {
			isa = XCBuildConfiguration;
			buildSettings = {
				ALWAYS_SEARCH_USER_PATHS = NO;
				CLANG_ANALYZER_NONNULL = YES;
				CLANG_ANALYZER_NUMBER_OBJECT_CONVERSION = YES_AGGRESSIVE;
				CLANG_CXX_LANGUAGE_STANDARD = "gnu++0x";
				CLANG_CXX_LIBRARY = "libc++";
				CLANG_ENABLE_MODULES = YES;
				CLANG_ENABLE_OBJC_ARC = YES;
				CLANG_WARN_BOOL_CONVERSION = YES;
				CLANG_WARN_CONSTANT_CONVERSION = YES;
				CLANG_WARN_DIRECT_OBJC_ISA_USAGE = YES_ERROR;
				CLANG_WARN_DOCUMENTATION_COMMENTS = YES;
				CLANG_WARN_EMPTY_BODY = YES;
				CLANG_WARN_ENUM_CONVERSION = YES;
				CLANG_WARN_INFINITE_RECURSION = YES;
				CLANG_WARN_INT_CONVERSION = YES;
				CLANG_WARN_OBJC_ROOT_CLASS = YES_ERROR;
				CLANG_WARN_SUSPICIOUS_MOVE = YES;
				CLANG_WARN_UNREACHABLE_CODE = YES;
				CLANG_WARN__DUPLICATE_METHOD_MATCH = YES;
				"CODE_SIGN_IDENTITY[sdk=iphoneos*]" = "iPhone Developer";
				COPY_PHASE_STRIP = NO;
				DEBUG_INFORMATION_FORMAT = "dwarf-with-dsym";
				ENABLE_NS_ASSERTIONS = NO;
				ENABLE_STRICT_OBJC_MSGSEND = YES;
				GCC_C_LANGUAGE_STANDARD = gnu99;
				GCC_NO_COMMON_BLOCKS = YES;
				GCC_WARN_64_TO_32_BIT_CONVERSION = YES;
				GCC_WARN_ABOUT_RETURN_TYPE = YES_ERROR;
				GCC_WARN_UNDECLARED_SELECTOR = YES;
				GCC_WARN_UNINITIALIZED_AUTOS = YES_AGGRESSIVE;
				GCC_WARN_UNUSED_FUNCTION = YES;
				GCC_WARN_UNUSED_VARIABLE = YES;
				IPHONEOS_DEPLOYMENT_TARGET = 10.3;
				MTL_ENABLE_DEBUG_INFO = NO;
				SDKROOT = iphoneos;
				SWIFT_OPTIMIZATION_LEVEL = "-Owholemodule";
				TARGETED_DEVICE_FAMILY = "1,2";
				VALIDATE_PRODUCT = YES;
			};
			name = Release;
		};
		E9951A5720C6317E006C6324 /* Debug */ = {
			isa = XCBuildConfiguration;
			buildSettings = {
				ASSETCATALOG_COMPILER_APPICON_NAME = AppIcon;
				INFOPLIST_FILE = MAPDEMO/Info.plist;
				LD_RUNPATH_SEARCH_PATHS = "$(inherited) @executable_path/Frameworks";
				PRODUCT_BUNDLE_IDENTIFIER = gdcp.MAPDEMO;
				PRODUCT_NAME = "$(TARGET_NAME)";
				SWIFT_VERSION = 3.0;
			};
			name = Debug;
		};
		E9951A5820C6317E006C6324 /* Release */ = {
			isa = XCBuildConfiguration;
			buildSettings = {
				ASSETCATALOG_COMPILER_APPICON_NAME = AppIcon;
				INFOPLIST_FILE = MAPDEMO/Info.plist;
				LD_RUNPATH_SEARCH_PATHS = "$(inherited) @executable_path/Frameworks";
				PRODUCT_BUNDLE_IDENTIFIER = gdcp.MAPDEMO;
				PRODUCT_NAME = "$(TARGET_NAME)";
				SWIFT_VERSION = 3.0;
			};
			name = Release;
		};
/* End XCBuildConfiguration section */

/* Begin XCConfigurationList section */
		E9951A3F20C6317E006C6324 /* Build configuration list for PBXProject "MAPDEMO" */ = {
			isa = XCConfigurationList;
			buildConfigurations = (
				E9951A5420C6317E006C6324 /* Debug */,
				E9951A5520C6317E006C6324 /* Release */,
			);
			defaultConfigurationIsVisible = 0;
			defaultConfigurationName = Release;
		};
		E9951A5620C6317E006C6324 /* Build configuration list for PBXNativeTarget "MAPDEMO" */ = {
			isa = XCConfigurationList;
			buildConfigurations = (
				E9951A5720C6317E006C6324 /* Debug */,
				E9951A5820C6317E006C6324 /* Release */,
			);
			defaultConfigurationIsVisible = 0;
		};
/* End XCConfigurationList section */
	};
	rootObject = E9951A3C20C6317E006C6324 /* Project object */;
}
